// !$*UTF8*$!
{
	archiveVersion = 1;
	classes = {
	};
	objectVersion = 48;
	objects = {

/* Begin PBXBuildFile section */
		681C2BB8208484FD00717667 /* AppDelegate.swift in Sources */ = {isa = PBXBuildFile; fileRef = 681C2BB7208484FD00717667 /* AppDelegate.swift */; };
		681C2BBA208484FD00717667 /* ViewController.swift in Sources */ = {isa = PBXBuildFile; fileRef = 681C2BB9208484FD00717667 /* ViewController.swift */; };
		681C2BBD208484FD00717667 /* Main.storyboard in Resources */ = {isa = PBXBuildFile; fileRef = 681C2BBB208484FD00717667 /* Main.storyboard */; };
		681C2BBF208484FD00717667 /* Assets.xcassets in Resources */ = {isa = PBXBuildFile; fileRef = 681C2BBE208484FD00717667 /* Assets.xcassets */; };
		681C2BC2208484FD00717667 /* LaunchScreen.storyboard in Resources */ = {isa = PBXBuildFile; fileRef = 681C2BC0208484FD00717667 /* LaunchScreen.storyboard */; };
		681C2BCA2084858D00717667 /* awsconfiguration.json in Resources */ = {isa = PBXBuildFile; fileRef = 681C2BC92084858D00717667 /* awsconfiguration.json */; };
		9D08FA7A5863A34E2B5B6DC4 /* Pods_AmazonLex.framework in Frameworks */ = {isa = PBXBuildFile; fileRef = D146B065252E74AB367B2B70 /* Pods_AmazonLex.framework */; };
/* End PBXBuildFile section */

/* Begin PBXFileReference section */
		681C2BB4208484FD00717667 /* AmazonLex.app */ = {isa = PBXFileReference; explicitFileType = wrapper.application; includeInIndex = 0; path = AmazonLex.app; sourceTree = BUILT_PRODUCTS_DIR; };
		681C2BB7208484FD00717667 /* AppDelegate.swift */ = {isa = PBXFileReference; lastKnownFileType = sourcecode.swift; path = AppDelegate.swift; sourceTree = "<group>"; };
		681C2BB9208484FD00717667 /* ViewController.swift */ = {isa = PBXFileReference; lastKnownFileType = sourcecode.swift; path = ViewController.swift; sourceTree = "<group>"; };
		681C2BBC208484FD00717667 /* Base */ = {isa = PBXFileReference; lastKnownFileType = file.storyboard; name = Base; path = Base.lproj/Main.storyboard; sourceTree = "<group>"; };
		681C2BBE208484FD00717667 /* Assets.xcassets */ = {isa = PBXFileReference; lastKnownFileType = folder.assetcatalog; path = Assets.xcassets; sourceTree = "<group>"; };
		681C2BC1208484FD00717667 /* Base */ = {isa = PBXFileReference; lastKnownFileType = file.storyboard; name = Base; path = Base.lproj/LaunchScreen.storyboard; sourceTree = "<group>"; };
		681C2BC3208484FD00717667 /* Info.plist */ = {isa = PBXFileReference; lastKnownFileType = text.plist.xml; path = Info.plist; sourceTree = "<group>"; };
		681C2BC92084858D00717667 /* awsconfiguration.json */ = {isa = PBXFileReference; fileEncoding = 4; lastKnownFileType = text.json; path = awsconfiguration.json; sourceTree = "<group>"; };
		6D6754E20E9BA5C4EE22D95B /* Pods-AmazonLex.debug.xcconfig */ = {isa = PBXFileReference; includeInIndex = 1; lastKnownFileType = text.xcconfig; name = "Pods-AmazonLex.debug.xcconfig"; path = "Pods/Target Support Files/Pods-AmazonLex/Pods-AmazonLex.debug.xcconfig"; sourceTree = "<group>"; };
		AB2C4BD09005CEA0A3EADDD1 /* Pods-AmazonLex.release.xcconfig */ = {isa = PBXFileReference; includeInIndex = 1; lastKnownFileType = text.xcconfig; name = "Pods-AmazonLex.release.xcconfig"; path = "Pods/Target Support Files/Pods-AmazonLex/Pods-AmazonLex.release.xcconfig"; sourceTree = "<group>"; };
		D146B065252E74AB367B2B70 /* Pods_AmazonLex.framework */ = {isa = PBXFileReference; explicitFileType = wrapper.framework; includeInIndex = 0; path = Pods_AmazonLex.framework; sourceTree = BUILT_PRODUCTS_DIR; };
/* End PBXFileReference section */

/* Begin PBXFrameworksBuildPhase section */
		681C2BB1208484FD00717667 /* Frameworks */ = {
			isa = PBXFrameworksBuildPhase;
			buildActionMask = 2147483647;
			files = (
				9D08FA7A5863A34E2B5B6DC4 /* Pods_AmazonLex.framework in Frameworks */,
			);
			runOnlyForDeploymentPostprocessing = 0;
		};
/* End PBXFrameworksBuildPhase section */

/* Begin PBXGroup section */
		1ED57D21889AFF484B2DBF63 /* Frameworks */ = {
			isa = PBXGroup;
			children = (
				D146B065252E74AB367B2B70 /* Pods_AmazonLex.framework */,
			);
			name = Frameworks;
			sourceTree = "<group>";
		};
		681C2BAB208484FD00717667 = {
			isa = PBXGroup;
			children = (
				681C2BB6208484FD00717667 /* AmazonLex */,
				681C2BB5208484FD00717667 /* Products */,
				F444AA9CBE22EA353EEB10F0 /* Pods */,
				1ED57D21889AFF484B2DBF63 /* Frameworks */,
			);
			sourceTree = "<group>";
		};
		681C2BB5208484FD00717667 /* Products */ = {
			isa = PBXGroup;
			children = (
				681C2BB4208484FD00717667 /* AmazonLex.app */,
			);
			name = Products;
			sourceTree = "<group>";
		};
		681C2BB6208484FD00717667 /* AmazonLex */ = {
			isa = PBXGroup;
			children = (
				681C2BB7208484FD00717667 /* AppDelegate.swift */,
				681C2BB9208484FD00717667 /* ViewController.swift */,
				681C2BBB208484FD00717667 /* Main.storyboard */,
				681C2BBE208484FD00717667 /* Assets.xcassets */,
				681C2BC0208484FD00717667 /* LaunchScreen.storyboard */,
				681C2BC92084858D00717667 /* awsconfiguration.json */,
				681C2BC3208484FD00717667 /* Info.plist */,
			);
			path = AmazonLex;
			sourceTree = "<group>";
		};
		F444AA9CBE22EA353EEB10F0 /* Pods */ = {
			isa = PBXGroup;
			children = (
				6D6754E20E9BA5C4EE22D95B /* Pods-AmazonLex.debug.xcconfig */,
				AB2C4BD09005CEA0A3EADDD1 /* Pods-AmazonLex.release.xcconfig */,
			);
			name = Pods;
			sourceTree = "<group>";
		};
/* End PBXGroup section */

/* Begin PBXNativeTarget section */
		681C2BB3208484FD00717667 /* AmazonLex */ = {
			isa = PBXNativeTarget;
			buildConfigurationList = 681C2BC6208484FD00717667 /* Build configuration list for PBXNativeTarget "AmazonLex" */;
			buildPhases = (
				6B9DFDFD9507DD352E332173 /* [CP] Check Pods Manifest.lock */,
				681C2BB0208484FD00717667 /* Sources */,
				681C2BB1208484FD00717667 /* Frameworks */,
				681C2BB2208484FD00717667 /* Resources */,
				350C5DC456A95F755B45E970 /* [CP] Embed Pods Frameworks */,
				F7C2AC7A05DED0BDB8FA3146 /* [CP] Copy Pods Resources */,
			);
			buildRules = (
			);
			dependencies = (
			);
			name = AmazonLex;
			productName = AmazonLex;
			productReference = 681C2BB4208484FD00717667 /* AmazonLex.app */;
			productType = "com.apple.product-type.application";
		};
/* End PBXNativeTarget section */

/* Begin PBXProject section */
		681C2BAC208484FD00717667 /* Project object */ = {
			isa = PBXProject;
			attributes = {
				LastSwiftUpdateCheck = 0920;
				LastUpgradeCheck = 0920;
				ORGANIZATIONNAME = PIXERF_SG_WS_12;
				TargetAttributes = {
					681C2BB3208484FD00717667 = {
						CreatedOnToolsVersion = 9.2;
						ProvisioningStyle = Automatic;
					};
				};
			};
			buildConfigurationList = 681C2BAF208484FD00717667 /* Build configuration list for PBXProject "AmazonLex" */;
			compatibilityVersion = "Xcode 8.0";
			developmentRegion = en;
			hasScannedForEncodings = 0;
			knownRegions = (
				en,
				Base,
			);
			mainGroup = 681C2BAB208484FD00717667;
			productRefGroup = 681C2BB5208484FD00717667 /* Products */;
			projectDirPath = "";
			projectRoot = "";
			targets = (
				681C2BB3208484FD00717667 /* AmazonLex */,
			);
		};
/* End PBXProject section */

/* Begin PBXResourcesBuildPhase section */
		681C2BB2208484FD00717667 /* Resources */ = {
			isa = PBXResourcesBuildPhase;
			buildActionMask = 2147483647;
			files = (
				681C2BCA2084858D00717667 /* awsconfiguration.json in Resources */,
				681C2BC2208484FD00717667 /* LaunchScreen.storyboard in Resources */,
				681C2BBF208484FD00717667 /* Assets.xcassets in Resources */,
				681C2BBD208484FD00717667 /* Main.storyboard in Resources */,
			);
			runOnlyForDeploymentPostprocessing = 0;
		};
/* End PBXResourcesBuildPhase section */

/* Begin PBXShellScriptBuildPhase section */
		350C5DC456A95F755B45E970 /* [CP] Embed Pods Frameworks */ = {
			isa = PBXShellScriptBuildPhase;
			buildActionMask = 2147483647;
			files = (
			);
			inputPaths = (
				"${SRCROOT}/Pods/Target Support Files/Pods-AmazonLex/Pods-AmazonLex-frameworks.sh",
				"${BUILT_PRODUCTS_DIR}/AWSAuthCore/AWSAuthCore.framework",
				"${BUILT_PRODUCTS_DIR}/AWSCore/AWSCore.framework",
				"${BUILT_PRODUCTS_DIR}/AWSLex/AWSLex.framework",
				"${BUILT_PRODUCTS_DIR}/AWSMobileClient/AWSMobileClient.framework",
			);
			name = "[CP] Embed Pods Frameworks";
			outputPaths = (
				"${TARGET_BUILD_DIR}/${FRAMEWORKS_FOLDER_PATH}/AWSAuthCore.framework",
				"${TARGET_BUILD_DIR}/${FRAMEWORKS_FOLDER_PATH}/AWSCore.framework",
				"${TARGET_BUILD_DIR}/${FRAMEWORKS_FOLDER_PATH}/AWSLex.framework",
				"${TARGET_BUILD_DIR}/${FRAMEWORKS_FOLDER_PATH}/AWSMobileClient.framework",
			);
			runOnlyForDeploymentPostprocessing = 0;
			shellPath = /bin/sh;
			shellScript = "\"${SRCROOT}/Pods/Target Support Files/Pods-AmazonLex/Pods-AmazonLex-frameworks.sh\"\n";
			showEnvVarsInLog = 0;
		};
		6B9DFDFD9507DD352E332173 /* [CP] Check Pods Manifest.lock */ = {
			isa = PBXShellScriptBuildPhase;
			buildActionMask = 2147483647;
			files = (
			);
			inputPaths = (
				"${PODS_PODFILE_DIR_PATH}/Podfile.lock",
				"${PODS_ROOT}/Manifest.lock",
			);
			name = "[CP] Check Pods Manifest.lock";
			outputPaths = (
				"$(DERIVED_FILE_DIR)/Pods-AmazonLex-checkManifestLockResult.txt",
			);
			runOnlyForDeploymentPostprocessing = 0;
			shellPath = /bin/sh;
			shellScript = "diff \"${PODS_PODFILE_DIR_PATH}/Podfile.lock\" \"${PODS_ROOT}/Manifest.lock\" > /dev/null\nif [ $? != 0 ] ; then\n    # print error to STDERR\n    echo \"error: The sandbox is not in sync with the Podfile.lock. Run 'pod install' or update your CocoaPods installation.\" >&2\n    exit 1\nfi\n# This output is used by Xcode 'outputs' to avoid re-running this script phase.\necho \"SUCCESS\" > \"${SCRIPT_OUTPUT_FILE_0}\"\n";
			showEnvVarsInLog = 0;
		};
		F7C2AC7A05DED0BDB8FA3146 /* [CP] Copy Pods Resources */ = {
			isa = PBXShellScriptBuildPhase;
			buildActionMask = 2147483647;
			files = (
			);
			inputPaths = (
			);
			name = "[CP] Copy Pods Resources";
			outputPaths = (
			);
			runOnlyForDeploymentPostprocessing = 0;
			shellPath = /bin/sh;
			shellScript = "\"${SRCROOT}/Pods/Target Support Files/Pods-AmazonLex/Pods-AmazonLex-resources.sh\"\n";
			showEnvVarsInLog = 0;
		};
/* End PBXShellScriptBuildPhase section */

/* Begin PBXSourcesBuildPhase section */
		681C2BB0208484FD00717667 /* Sources */ = {
			isa = PBXSourcesBuildPhase;
			buildActionMask = 2147483647;
			files = (
				681C2BBA208484FD00717667 /* ViewController.swift in Sources */,
				681C2BB8208484FD00717667 /* AppDelegate.swift in Sources */,
			);
			runOnlyForDeploymentPostprocessing = 0;
		};
/* End PBXSourcesBuildPhase section */

/* Begin PBXVariantGroup section */
		681C2BBB208484FD00717667 /* Main.storyboard */ = {
			isa = PBXVariantGroup;
			children = (
				681C2BBC208484FD00717667 /* Base */,
			);
			name = Main.storyboard;
			sourceTree = "<group>";
		};
		681C2BC0208484FD00717667 /* LaunchScreen.storyboard */ = {
			isa = PBXVariantGroup;
			children = (
				681C2BC1208484FD00717667 /* Base */,
			);
			name = LaunchScreen.storyboard;
			sourceTree = "<group>";
		};
/* End PBXVariantGroup section */

/* Begin XCBuildConfiguration section */
		681C2BC4208484FD00717667 /* Debug */ = {
			isa = XCBuildConfiguration;
			buildSettings = {
				ALWAYS_SEARCH_USER_PATHS = NO;
				CLANG_ANALYZER_NONNULL = YES;
				CLANG_ANALYZER_NUMBER_OBJECT_CONVERSION = YES_AGGRESSIVE;
				CLANG_CXX_LANGUAGE_STANDARD = "gnu++14";
				CLANG_CXX_LIBRARY = "libc++";
				CLANG_ENABLE_MODULES = YES;
				CLANG_ENABLE_OBJC_ARC = YES;
				CLANG_WARN_BLOCK_CAPTURE_AUTORELEASING = YES;
				CLANG_WARN_BOOL_CONVERSION = YES;
				CLANG_WARN_COMMA = YES;
				CLANG_WARN_CONSTANT_CONVERSION = YES;
				CLANG_WARN_DIRECT_OBJC_ISA_USAGE = YES_ERROR;
				CLANG_WARN_DOCUMENTATION_COMMENTS = YES;
				CLANG_WARN_EMPTY_BODY = YES;
				CLANG_WARN_ENUM_CONVERSION = YES;
				CLANG_WARN_INFINITE_RECURSION = YES;
				CLANG_WARN_INT_CONVERSION = YES;
				CLANG_WARN_NON_LITERAL_NULL_CONVERSION = YES;
				CLANG_WARN_OBJC_LITERAL_CONVERSION = YES;
				CLANG_WARN_OBJC_ROOT_CLASS = YES_ERROR;
				CLANG_WARN_RANGE_LOOP_ANALYSIS = YES;
				CLANG_WARN_STRICT_PROTOTYPES = YES;
				CLANG_WARN_SUSPICIOUS_MOVE = YES;
				CLANG_WARN_UNGUARDED_AVAILABILITY = YES_AGGRESSIVE;
				CLANG_WARN_UNREACHABLE_CODE = YES;
				CLANG_WARN__DUPLICATE_METHOD_MATCH = YES;
				CODE_SIGN_IDENTITY = "iPhone Developer";
				COPY_PHASE_STRIP = NO;
				DEBUG_INFORMATION_FORMAT = dwarf;
				ENABLE_STRICT_OBJC_MSGSEND = YES;
				ENABLE_TESTABILITY = YES;
				GCC_C_LANGUAGE_STANDARD = gnu11;
				GCC_DYNAMIC_NO_PIC = NO;
				GCC_NO_COMMON_BLOCKS = YES;
				GCC_OPTIMIZATION_LEVEL = 0;
				GCC_PREPROCESSOR_DEFINITIONS = (
					"DEBUG=1",
					"$(inherited)",
				);
				GCC_WARN_64_TO_32_BIT_CONVERSION = YES;
				GCC_WARN_ABOUT_RETURN_TYPE = YES_ERROR;
				GCC_WARN_UNDECLARED_SELECTOR = YES;
				GCC_WARN_UNINITIALIZED_AUTOS = YES_AGGRESSIVE;
				GCC_WARN_UNUSED_FUNCTION = YES;
				GCC_WARN_UNUSED_VARIABLE = YES;
				IPHONEOS_DEPLOYMENT_TARGET = 11.2;
				MTL_ENABLE_DEBUG_INFO = YES;
				ONLY_ACTIVE_ARCH = YES;
				SDKROOT = iphoneos;
				SWIFT_ACTIVE_COMPILATION_CONDITIONS = DEBUG;
				SWIFT_OPTIMIZATION_LEVEL = "-Onone";
			};
			name = Debug;
		};
		681C2BC5208484FD00717667 /* Release */ = {
			isa = XCBuildConfiguration;
			buildSettings = {
				ALWAYS_SEARCH_USER_PATHS = NO;
				CLANG_ANALYZER_NONNULL = YES;
				CLANG_ANALYZER_NUMBER_OBJECT_CONVERSION = YES_AGGRESSIVE;
				CLANG_CXX_LANGUAGE_STANDARD = "gnu++14";
				CLANG_CXX_LIBRARY = "libc++";
				CLANG_ENABLE_MODULES = YES;
				CLANG_ENABLE_OBJC_ARC = YES;
				CLANG_WARN_BLOCK_CAPTURE_AUTORELEASING = YES;
				CLANG_WARN_BOOL_CONVERSION = YES;
				CLANG_WARN_COMMA = YES;
				CLANG_WARN_CONSTANT_CONVERSION = YES;
				CLANG_WARN_DIRECT_OBJC_ISA_USAGE = YES_ERROR;
				CLANG_WARN_DOCUMENTATION_COMMENTS = YES;
				CLANG_WARN_EMPTY_BODY = YES;
				CLANG_WARN_ENUM_CONVERSION = YES;
				CLANG_WARN_INFINITE_RECURSION = YES;
				CLANG_WARN_INT_CONVERSION = YES;
				CLANG_WARN_NON_LITERAL_NULL_CONVERSION = YES;
				CLANG_WARN_OBJC_LITERAL_CONVERSION = YES;
				CLANG_WARN_OBJC_ROOT_CLASS = YES_ERROR;
				CLANG_WARN_RANGE_LOOP_ANALYSIS = YES;
				CLANG_WARN_STRICT_PROTOTYPES = YES;
				CLANG_WARN_SUSPICIOUS_MOVE = YES;
				CLANG_WARN_UNGUARDED_AVAILABILITY = YES_AGGRESSIVE;
				CLANG_WARN_UNREACHABLE_CODE = YES;
				CLANG_WARN__DUPLICATE_METHOD_MATCH = YES;
				CODE_SIGN_IDENTITY = "iPhone Developer";
				COPY_PHASE_STRIP = NO;
				DEBUG_INFORMATION_FORMAT = "dwarf-with-dsym";
				ENABLE_NS_ASSERTIONS = NO;
				ENABLE_STRICT_OBJC_MSGSEND = YES;
				GCC_C_LANGUAGE_STANDARD = gnu11;
				GCC_NO_COMMON_BLOCKS = YES;
				GCC_WARN_64_TO_32_BIT_CONVERSION = YES;
				GCC_WARN_ABOUT_RETURN_TYPE = YES_ERROR;
				GCC_WARN_UNDECLARED_SELECTOR = YES;
				GCC_WARN_UNINITIALIZED_AUTOS = YES_AGGRESSIVE;
				GCC_WARN_UNUSED_FUNCTION = YES;
				GCC_WARN_UNUSED_VARIABLE = YES;
				IPHONEOS_DEPLOYMENT_TARGET = 11.2;
				MTL_ENABLE_DEBUG_INFO = NO;
				SDKROOT = iphoneos;
				SWIFT_OPTIMIZATION_LEVEL = "-Owholemodule";
				VALIDATE_PRODUCT = YES;
			};
			name = Release;
		};
		681C2BC7208484FD00717667 /* Debug */ = {
			isa = XCBuildConfiguration;
			baseConfigurationReference = 6D6754E20E9BA5C4EE22D95B /* Pods-AmazonLex.debug.xcconfig */;
			buildSettings = {
				ASSETCATALOG_COMPILER_APPICON_NAME = AppIcon;
				CODE_SIGN_STYLE = Automatic;
				INFOPLIST_FILE = AmazonLex/Info.plist;
				LD_RUNPATH_SEARCH_PATHS = "$(inherited) @executable_path/Frameworks";
				PRODUCT_BUNDLE_IDENTIFIER = com.jacky.ios.AmazonLex;
				PRODUCT_NAME = "$(TARGET_NAME)";
				SWIFT_VERSION = 4.0;
				TARGETED_DEVICE_FAMILY = "1,2";
			};
			name = Debug;
		};
		681C2BC8208484FD00717667 /* Release */ = {
			isa = XCBuildConfiguration;
			baseConfigurationReference = AB2C4BD09005CEA0A3EADDD1 /* Pods-AmazonLex.release.xcconfig */;
			buildSettings = {
				ASSETCATALOG_COMPILER_APPICON_NAME = AppIcon;
				CODE_SIGN_STYLE = Automatic;
				INFOPLIST_FILE = AmazonLex/Info.plist;
				LD_RUNPATH_SEARCH_PATHS = "$(inherited) @executable_path/Frameworks";
				PRODUCT_BUNDLE_IDENTIFIER = com.jacky.ios.AmazonLex;
				PRODUCT_NAME = "$(TARGET_NAME)";
				SWIFT_VERSION = 4.0;
				TARGETED_DEVICE_FAMILY = "1,2";
			};
			name = Release;
		};
/* End XCBuildConfiguration section */

/* Begin XCConfigurationList section */
		681C2BAF208484FD00717667 /* Build configuration list for PBXProject "AmazonLex" */ = {
			isa = XCConfigurationList;
			buildConfigurations = (
				681C2BC4208484FD00717667 /* Debug */,
				681C2BC5208484FD00717667 /* Release */,
			);
			defaultConfigurationIsVisible = 0;
			defaultConfigurationName = Release;
		};
		681C2BC6208484FD00717667 /* Build configuration list for PBXNativeTarget "AmazonLex" */ = {
			isa = XCConfigurationList;
			buildConfigurations = (
				681C2BC7208484FD00717667 /* Debug */,
				681C2BC8208484FD00717667 /* Release */,
			);
			defaultConfigurationIsVisible = 0;
			defaultConfigurationName = Release;
		};
/* End XCConfigurationList section */
	};
	rootObject = 681C2BAC208484FD00717667 /* Project object */;
}
